
Microsoft Visual Studio Solution File, Format Version 12.00
# Visual Studio Version 17
VisualStudioVersion = 17.7.34009.444
MinimumVisualStudioVersion = 10.0.40219.1
Project("{FAE04EC0-301F-11D3-BF4B-00C04F79EFBC}") = "OpenAiClient", "OpenAiClient.csproj", "{28272E65-17A7-4CD9-969A-61258FD75A96}"
EndProject
Project("{FAE04EC0-301F-11D3-BF4B-00C04F79EFBC}") = "OpenAiClient.Test", "OpenAiClient.Test\OpenAiClient.Test.csproj", "{9DA6FA30-02E8-4491-B4B6-1E8DF1B3631E}"
EndProject
Global
	GlobalSection(SolutionConfigurationPlatforms) = preSolution
		Debug|Any CPU = Debug|Any CPU
		Release|Any CPU = Release|Any CPU
	EndGlobalSection
	GlobalSection(ProjectConfigurationPlatforms) = postSolution
		{28272E65-17A7-4CD9-969A-61258FD75A96}.Debug|Any CPU.ActiveCfg = Debug|Any CPU
		{28272E65-17A7-4CD9-969A-61258FD75A96}.Debug|Any CPU.Build.0 = Debug|Any CPU
		{28272E65-17A7-4CD9-969A-61258FD75A96}.Release|Any CPU.ActiveCfg = Release|Any CPU
		{28272E65-17A7-4CD9-969A-61258FD75A96}.Release|Any CPU.Build.0 = Release|Any CPU
		{9DA6FA30-02E8-4491-B4B6-1E8DF1B3631E}.Debug|Any CPU.ActiveCfg = Debug|Any CPU
		{9DA6FA30-02E8-4491-B4B6-1E8DF1B3631E}.Debug|Any CPU.Build.0 = Debug|Any CPU
		{9DA6FA30-02E8-4491-B4B6-1E8DF1B3631E}.Release|Any CPU.ActiveCfg = Release|Any CPU
		{9DA6FA30-02E8-4491-B4B6-1E8DF1B3631E}.Release|Any CPU.Build.0 = Release|Any CPU
	EndGlobalSection
	GlobalSection(SolutionProperties) = preSolution
		HideSolutionNode = FALSE
	EndGlobalSection
	GlobalSection(ExtensibilityGlobals) = postSolution
		SolutionGuid = {01EC3D92-6DBE-403C-8000-5593F9937A72}
	EndGlobalSection
EndGlobal
